Microsoft Visual Studio Solution File, Format Version 12.00
# Visual Studio 2012
Project("{FAE04EC0-301F-11D3-BF4B-00C04F79EFBC}") = "ShootingGallery", "ShootingGallery.csproj", "{CBAC2DA1-37AD-4D33-9024-10E691C21FC6}"
EndProject
Global
	GlobalSection(SolutionConfigurationPlatforms) = preSolution
	Debug|Any CPU = Debug|Any CPU
	ExportDebug|Any CPU = ExportDebug|Any CPU
	ExportRelease|Any CPU = ExportRelease|Any CPU
	EndGlobalSection
	GlobalSection(ProjectConfigurationPlatforms) = postSolution
		{CBAC2DA1-37AD-4D33-9024-10E691C21FC6}.Debug|Any CPU.ActiveCfg = Debug|Any CPU
		{CBAC2DA1-37AD-4D33-9024-10E691C21FC6}.Debug|Any CPU.Build.0 = Debug|Any CPU
		{CBAC2DA1-37AD-4D33-9024-10E691C21FC6}.ExportDebug|Any CPU.ActiveCfg = ExportDebug|Any CPU
		{CBAC2DA1-37AD-4D33-9024-10E691C21FC6}.ExportDebug|Any CPU.Build.0 = ExportDebug|Any CPU
		{CBAC2DA1-37AD-4D33-9024-10E691C21FC6}.ExportRelease|Any CPU.ActiveCfg = ExportRelease|Any CPU
		{CBAC2DA1-37AD-4D33-9024-10E691C21FC6}.ExportRelease|Any CPU.Build.0 = ExportRelease|Any CPU
	EndGlobalSection
EndGlobal
